
Microsoft Visual Studio Solution File, Format Version 12.00
# Visual Studio Version 17
VisualStudioVersion = 17.8.34511.84
MinimumVisualStudioVersion = 10.0.40219.1
Project("{FAE04EC0-301F-11D3-BF4B-00C04F79EFBC}") = "AlexIA.Backend", "AlexIA.Backend\AlexIA.Backend.csproj", "{323944D3-1B17-49E8-A379-EEBC403BA001}"
EndProject
Global
	GlobalSection(SolutionConfigurationPlatforms) = preSolution
		Debug|Any CPU = Debug|Any CPU
		Release|Any CPU = Release|Any CPU
	EndGlobalSection
	GlobalSection(ProjectConfigurationPlatforms) = postSolution
		{323944D3-1B17-49E8-A379-EEBC403BA001}.Debug|Any CPU.ActiveCfg = Debug|Any CPU
		{323944D3-1B17-49E8-A379-EEBC403BA001}.Debug|Any CPU.Build.0 = Debug|Any CPU
		{323944D3-1B17-49E8-A379-EEBC403BA001}.Release|Any CPU.ActiveCfg = Release|Any CPU
		{323944D3-1B17-49E8-A379-EEBC403BA001}.Release|Any CPU.Build.0 = Release|Any CPU
	EndGlobalSection
	GlobalSection(SolutionProperties) = preSolution
		HideSolutionNode = FALSE
	EndGlobalSection
	GlobalSection(ExtensibilityGlobals) = postSolution
		SolutionGuid = {1564106A-9A87-4DDA-B8FA-30A27295E1B3}
	EndGlobalSection
EndGlobal
